
Microsoft Visual Studio Solution File, Format Version 12.00
# Visual Studio Version 16
VisualStudioVersion = 16.0.29613.14
MinimumVisualStudioVersion = 10.0.40219.1
Project("{FAE04EC0-301F-11D3-BF4B-00C04F79EFBC}") = "StudentCourse", "StudentCourse\StudentCourse.csproj", "{DFF3F86F-3D37-41AC-9110-CC759BED25D9}"
EndProject
Global
	GlobalSection(SolutionConfigurationPlatforms) = preSolution
		Debug|Any CPU = Debug|Any CPU
		Release|Any CPU = Release|Any CPU
	EndGlobalSection
	GlobalSection(ProjectConfigurationPlatforms) = postSolution
		{DFF3F86F-3D37-41AC-9110-CC759BED25D9}.Debug|Any CPU.ActiveCfg = Debug|Any CPU
		{DFF3F86F-3D37-41AC-9110-CC759BED25D9}.Debug|Any CPU.Build.0 = Debug|Any CPU
		{DFF3F86F-3D37-41AC-9110-CC759BED25D9}.Release|Any CPU.ActiveCfg = Release|Any CPU
		{DFF3F86F-3D37-41AC-9110-CC759BED25D9}.Release|Any CPU.Build.0 = Release|Any CPU
	EndGlobalSection
	GlobalSection(SolutionProperties) = preSolution
		HideSolutionNode = FALSE
	EndGlobalSection
	GlobalSection(ExtensibilityGlobals) = postSolution
		SolutionGuid = {1E78BF46-61A8-4C21-A8D3-B7859BF8DE68}
	EndGlobalSection
EndGlobal
